
Microsoft Visual Studio Solution File, Format Version 12.00
# Visual Studio 15
VisualStudioVersion = 15.0.28010.2036
MinimumVisualStudioVersion = 10.0.40219.1
Project("{FAE04EC0-301F-11D3-BF4B-00C04F79EFBC}") = "zBalancer.Balancer", "zBalancer.Balancer\zBalancer.Balancer.csproj", "{3305EA3D-8135-4C85-A7C0-1D0FDE08FC4A}"
EndProject
Global
	GlobalSection(SolutionConfigurationPlatforms) = preSolution
		Debug|Any CPU = Debug|Any CPU
		Release|Any CPU = Release|Any CPU
	EndGlobalSection
	GlobalSection(ProjectConfigurationPlatforms) = postSolution
		{3305EA3D-8135-4C85-A7C0-1D0FDE08FC4A}.Debug|Any CPU.ActiveCfg = Debug|Any CPU
		{3305EA3D-8135-4C85-A7C0-1D0FDE08FC4A}.Debug|Any CPU.Build.0 = Debug|Any CPU
		{3305EA3D-8135-4C85-A7C0-1D0FDE08FC4A}.Release|Any CPU.ActiveCfg = Release|Any CPU
		{3305EA3D-8135-4C85-A7C0-1D0FDE08FC4A}.Release|Any CPU.Build.0 = Release|Any CPU
	EndGlobalSection
	GlobalSection(SolutionProperties) = preSolution
		HideSolutionNode = FALSE
	EndGlobalSection
	GlobalSection(ExtensibilityGlobals) = postSolution
		SolutionGuid = {FFBF4977-A5DD-4A7E-BB1D-4D52B232974B}
	EndGlobalSection
EndGlobal
